
Microsoft Visual Studio Solution File, Format Version 12.00
# Visual Studio 15
VisualStudioVersion = 15.0.28307.136
MinimumVisualStudioVersion = 10.0.40219.1
Project("{FAE04EC0-301F-11D3-BF4B-00C04F79EFBC}") = "CrmBL", "CrmBL\CrmBL.csproj", "{FC763E37-9D68-4806-B896-D4BC252119E6}"
EndProject
Project("{FAE04EC0-301F-11D3-BF4B-00C04F79EFBC}") = "CrmUi", "CrmUi\CrmUi.csproj", "{02058BC5-6457-4EEB-8848-5A46852246C2}"
EndProject
Global
	GlobalSection(SolutionConfigurationPlatforms) = preSolution
		Debug|Any CPU = Debug|Any CPU
		Release|Any CPU = Release|Any CPU
	EndGlobalSection
	GlobalSection(ProjectConfigurationPlatforms) = postSolution
		{FC763E37-9D68-4806-B896-D4BC252119E6}.Debug|Any CPU.ActiveCfg = Debug|Any CPU
		{FC763E37-9D68-4806-B896-D4BC252119E6}.Debug|Any CPU.Build.0 = Debug|Any CPU
		{FC763E37-9D68-4806-B896-D4BC252119E6}.Release|Any CPU.ActiveCfg = Release|Any CPU
		{FC763E37-9D68-4806-B896-D4BC252119E6}.Release|Any CPU.Build.0 = Release|Any CPU
		{02058BC5-6457-4EEB-8848-5A46852246C2}.Debug|Any CPU.ActiveCfg = Debug|Any CPU
		{02058BC5-6457-4EEB-8848-5A46852246C2}.Debug|Any CPU.Build.0 = Debug|Any CPU
		{02058BC5-6457-4EEB-8848-5A46852246C2}.Release|Any CPU.ActiveCfg = Release|Any CPU
		{02058BC5-6457-4EEB-8848-5A46852246C2}.Release|Any CPU.Build.0 = Release|Any CPU
	EndGlobalSection
	GlobalSection(SolutionProperties) = preSolution
		HideSolutionNode = FALSE
	EndGlobalSection
	GlobalSection(ExtensibilityGlobals) = postSolution
		SolutionGuid = {2E9F054B-A42B-4476-BE04-2D0396DA8DF5}
	EndGlobalSection
EndGlobal
